
Microsoft Visual Studio Solution File, Format Version 12.00
# Visual Studio 2013
VisualStudioVersion = 12.0.21005.1
MinimumVisualStudioVersion = 10.0.40219.1
Project("{8BC9CEB8-8B4A-11D0-8D11-00A0C91BC942}") = "lua-5.1.4", "lua-5.1.4.vcxproj", "{225E26F2-2842-4AAF-94EB-38557B9CC2ED}"
EndProject
Global
	GlobalSection(SolutionConfigurationPlatforms) = preSolution
		Debug Compiler|Win32 = Debug Compiler|Win32
		Debug Lib|Win32 = Debug Lib|Win32
		Debug Standalone|Win32 = Debug Standalone|Win32
		Release Compiler|Win32 = Release Compiler|Win32
		Release Lib|Win32 = Release Lib|Win32
		Release Standalone|Win32 = Release Standalone|Win32
	EndGlobalSection
	GlobalSection(ProjectConfigurationPlatforms) = postSolution
		{225E26F2-2842-4AAF-94EB-38557B9CC2ED}.Debug Compiler|Win32.ActiveCfg = Debug Compiler|Win32
		{225E26F2-2842-4AAF-94EB-38557B9CC2ED}.Debug Compiler|Win32.Build.0 = Debug Compiler|Win32
		{225E26F2-2842-4AAF-94EB-38557B9CC2ED}.Debug Lib|Win32.ActiveCfg = Debug Lib|Win32
		{225E26F2-2842-4AAF-94EB-38557B9CC2ED}.Debug Lib|Win32.Build.0 = Debug Lib|Win32
		{225E26F2-2842-4AAF-94EB-38557B9CC2ED}.Debug Standalone|Win32.ActiveCfg = Debug|Win32
		{225E26F2-2842-4AAF-94EB-38557B9CC2ED}.Debug Standalone|Win32.Build.0 = Debug|Win32
		{225E26F2-2842-4AAF-94EB-38557B9CC2ED}.Release Compiler|Win32.ActiveCfg = Release Compiler|Win32
		{225E26F2-2842-4AAF-94EB-38557B9CC2ED}.Release Compiler|Win32.Build.0 = Release Compiler|Win32
		{225E26F2-2842-4AAF-94EB-38557B9CC2ED}.Release Lib|Win32.ActiveCfg = Release Lib|Win32
		{225E26F2-2842-4AAF-94EB-38557B9CC2ED}.Release Lib|Win32.Build.0 = Release Lib|Win32
		{225E26F2-2842-4AAF-94EB-38557B9CC2ED}.Release Standalone|Win32.ActiveCfg = Release|Win32
		{225E26F2-2842-4AAF-94EB-38557B9CC2ED}.Release Standalone|Win32.Build.0 = Release|Win32
	EndGlobalSection
	GlobalSection(SolutionProperties) = preSolution
		HideSolutionNode = FALSE
	EndGlobalSection
EndGlobal
